// !$*UTF8*$!
{
	archiveVersion = 1;
	classes = {
	};
	objectVersion = 46;
	objects = {

/* Begin PBXBuildFile section */
		BD30CD261F06472100D57369 /* main.m in Sources */ = {isa = PBXBuildFile; fileRef = BD30CD251F06472100D57369 /* main.m */; };
		BD30CD291F06472100D57369 /* AppDelegate.m in Sources */ = {isa = PBXBuildFile; fileRef = BD30CD281F06472100D57369 /* AppDelegate.m */; };
		BD30CD2F1F06472100D57369 /* Main.storyboard in Resources */ = {isa = PBXBuildFile; fileRef = BD30CD2D1F06472100D57369 /* Main.storyboard */; };
		BD30CD311F06472100D57369 /* Assets.xcassets in Resources */ = {isa = PBXBuildFile; fileRef = BD30CD301F06472100D57369 /* Assets.xcassets */; };
		BD30CD341F06472100D57369 /* LaunchScreen.storyboard in Resources */ = {isa = PBXBuildFile; fileRef = BD30CD321F06472100D57369 /* LaunchScreen.storyboard */; };
		BD30CD3D1F06477C00D57369 /* ViewController.m in Sources */ = {isa = PBXBuildFile; fileRef = BD30CD3C1F06477C00D57369 /* ViewController.m */; };
		BD30CD4A1F06481600D57369 /* ZBJCell.m in Sources */ = {isa = PBXBuildFile; fileRef = BD30CD471F06481600D57369 /* ZBJCell.m */; };
		BD30CD4B1F06481600D57369 /* ZBJExcelView.m in Sources */ = {isa = PBXBuildFile; fileRef = BD30CD491F06481600D57369 /* ZBJExcelView.m */; };
/* End PBXBuildFile section */

/* Begin PBXFileReference section */
		BD30CD211F06472100D57369 /* ZBJExcelViewDemo.app */ = {isa = PBXFileReference; explicitFileType = wrapper.application; includeInIndex = 0; path = ZBJExcelViewDemo.app; sourceTree = BUILT_PRODUCTS_DIR; };
		BD30CD251F06472100D57369 /* main.m */ = {isa = PBXFileReference; lastKnownFileType = sourcecode.c.objc; path = main.m; sourceTree = "<group>"; };
		BD30CD271F06472100D57369 /* AppDelegate.h */ = {isa = PBXFileReference; lastKnownFileType = sourcecode.c.h; path = AppDelegate.h; sourceTree = "<group>"; };
		BD30CD281F06472100D57369 /* AppDelegate.m */ = {isa = PBXFileReference; lastKnownFileType = sourcecode.c.objc; path = AppDelegate.m; sourceTree = "<group>"; };
		BD30CD2E1F06472100D57369 /* Base */ = {isa = PBXFileReference; lastKnownFileType = file.storyboard; name = Base; path = Base.lproj/Main.storyboard; sourceTree = "<group>"; };
		BD30CD301F06472100D57369 /* Assets.xcassets */ = {isa = PBXFileReference; lastKnownFileType = folder.assetcatalog; path = Assets.xcassets; sourceTree = "<group>"; };
		BD30CD331F06472100D57369 /* Base */ = {isa = PBXFileReference; lastKnownFileType = file.storyboard; name = Base; path = Base.lproj/LaunchScreen.storyboard; sourceTree = "<group>"; };
		BD30CD351F06472100D57369 /* Info.plist */ = {isa = PBXFileReference; lastKnownFileType = text.plist.xml; path = Info.plist; sourceTree = "<group>"; };
		BD30CD3B1F06477C00D57369 /* ViewController.h */ = {isa = PBXFileReference; fileEncoding = 4; lastKnownFileType = sourcecode.c.h; path = ViewController.h; sourceTree = "<group>"; };
		BD30CD3C1F06477C00D57369 /* ViewController.m */ = {isa = PBXFileReference; fileEncoding = 4; lastKnownFileType = sourcecode.c.objc; path = ViewController.m; sourceTree = "<group>"; };
		BD30CD461F06481600D57369 /* ZBJCell.h */ = {isa = PBXFileReference; fileEncoding = 4; lastKnownFileType = sourcecode.c.h; path = ZBJCell.h; sourceTree = "<group>"; };
		BD30CD471F06481600D57369 /* ZBJCell.m */ = {isa = PBXFileReference; fileEncoding = 4; lastKnownFileType = sourcecode.c.objc; path = ZBJCell.m; sourceTree = "<group>"; };
		BD30CD481F06481600D57369 /* ZBJExcelView.h */ = {isa = PBXFileReference; fileEncoding = 4; lastKnownFileType = sourcecode.c.h; path = ZBJExcelView.h; sourceTree = "<group>"; };
		BD30CD491F06481600D57369 /* ZBJExcelView.m */ = {isa = PBXFileReference; fileEncoding = 4; lastKnownFileType = sourcecode.c.objc; path = ZBJExcelView.m; sourceTree = "<group>"; };
/* End PBXFileReference section */

/* Begin PBXFrameworksBuildPhase section */
		BD30CD1E1F06472100D57369 /* Frameworks */ = {
			isa = PBXFrameworksBuildPhase;
			buildActionMask = 2147483647;
			files = (
			);
			runOnlyForDeploymentPostprocessing = 0;
		};
/* End PBXFrameworksBuildPhase section */

/* Begin PBXGroup section */
		BD30CD181F06472100D57369 = {
			isa = PBXGroup;
			children = (
				BD30CD231F06472100D57369 /* ZBJExcelViewDemo */,
				BD30CD221F06472100D57369 /* Products */,
			);
			sourceTree = "<group>";
		};
		BD30CD221F06472100D57369 /* Products */ = {
			isa = PBXGroup;
			children = (
				BD30CD211F06472100D57369 /* ZBJExcelViewDemo.app */,
			);
			name = Products;
			sourceTree = "<group>";
		};
		BD30CD231F06472100D57369 /* ZBJExcelViewDemo */ = {
			isa = PBXGroup;
			children = (
				BD30CD271F06472100D57369 /* AppDelegate.h */,
				BD30CD281F06472100D57369 /* AppDelegate.m */,
				BD30CD3B1F06477C00D57369 /* ViewController.h */,
				BD30CD3C1F06477C00D57369 /* ViewController.m */,
				BD30CD451F06481600D57369 /* ZBJExcelView */,
				BD30CD2D1F06472100D57369 /* Main.storyboard */,
				BD30CD301F06472100D57369 /* Assets.xcassets */,
				BD30CD321F06472100D57369 /* LaunchScreen.storyboard */,
				BD30CD351F06472100D57369 /* Info.plist */,
				BD30CD241F06472100D57369 /* Supporting Files */,
			);
			path = ZBJExcelViewDemo;
			sourceTree = "<group>";
		};
		BD30CD241F06472100D57369 /* Supporting Files */ = {
			isa = PBXGroup;
			children = (
				BD30CD251F06472100D57369 /* main.m */,
			);
			name = "Supporting Files";
			sourceTree = "<group>";
		};
		BD30CD451F06481600D57369 /* ZBJExcelView */ = {
			isa = PBXGroup;
			children = (
				BD30CD461F06481600D57369 /* ZBJCell.h */,
				BD30CD471F06481600D57369 /* ZBJCell.m */,
				BD30CD481F06481600D57369 /* ZBJExcelView.h */,
				BD30CD491F06481600D57369 /* ZBJExcelView.m */,
			);
			path = ZBJExcelView;
			sourceTree = "<group>";
		};
/* End PBXGroup section */

/* Begin PBXNativeTarget section */
		BD30CD201F06472100D57369 /* ZBJExcelViewDemo */ = {
			isa = PBXNativeTarget;
			buildConfigurationList = BD30CD381F06472100D57369 /* Build configuration list for PBXNativeTarget "ZBJExcelViewDemo" */;
			buildPhases = (
				BD30CD1D1F06472100D57369 /* Sources */,
				BD30CD1E1F06472100D57369 /* Frameworks */,
				BD30CD1F1F06472100D57369 /* Resources */,
			);
			buildRules = (
			);
			dependencies = (
			);
			name = ZBJExcelViewDemo;
			productName = ZBJExcelViewDemo;
			productReference = BD30CD211F06472100D57369 /* ZBJExcelViewDemo.app */;
			productType = "com.apple.product-type.application";
		};
/* End PBXNativeTarget section */

/* Begin PBXProject section */
		BD30CD191F06472100D57369 /* Project object */ = {
			isa = PBXProject;
			attributes = {
				LastUpgradeCheck = 0830;
				ORGANIZATIONNAME = zbj;
				TargetAttributes = {
					BD30CD201F06472100D57369 = {
						CreatedOnToolsVersion = 8.3.3;
						DevelopmentTeam = 4R8RC4GXLP;
						ProvisioningStyle = Automatic;
					};
				};
			};
			buildConfigurationList = BD30CD1C1F06472100D57369 /* Build configuration list for PBXProject "ZBJExcelViewDemo" */;
			compatibilityVersion = "Xcode 3.2";
			developmentRegion = English;
			hasScannedForEncodings = 0;
			knownRegions = (
				en,
				Base,
			);
			mainGroup = BD30CD181F06472100D57369;
			productRefGroup = BD30CD221F06472100D57369 /* Products */;
			projectDirPath = "";
			projectRoot = "";
			targets = (
				BD30CD201F06472100D57369 /* ZBJExcelViewDemo */,
			);
		};
/* End PBXProject section */

/* Begin PBXResourcesBuildPhase section */
		BD30CD1F1F06472100D57369 /* Resources */ = {
			isa = PBXResourcesBuildPhase;
			buildActionMask = 2147483647;
			files = (
				BD30CD341F06472100D57369 /* LaunchScreen.storyboard in Resources */,
				BD30CD311F06472100D57369 /* Assets.xcassets in Resources */,
				BD30CD2F1F06472100D57369 /* Main.storyboard in Resources */,
			);
			runOnlyForDeploymentPostprocessing = 0;
		};
/* End PBXResourcesBuildPhase section */

/* Begin PBXSourcesBuildPhase section */
		BD30CD1D1F06472100D57369 /* Sources */ = {
			isa = PBXSourcesBuildPhase;
			buildActionMask = 2147483647;
			files = (
				BD30CD3D1F06477C00D57369 /* ViewController.m in Sources */,
				BD30CD291F06472100D57369 /* AppDelegate.m in Sources */,
				BD30CD4B1F06481600D57369 /* ZBJExcelView.m in Sources */,
				BD30CD4A1F06481600D57369 /* ZBJCell.m in Sources */,
				BD30CD261F06472100D57369 /* main.m in Sources */,
			);
			runOnlyForDeploymentPostprocessing = 0;
		};
/* End PBXSourcesBuildPhase section */

/* Begin PBXVariantGroup section */
		BD30CD2D1F06472100D57369 /* Main.storyboard */ = {
			isa = PBXVariantGroup;
			children = (
				BD30CD2E1F06472100D57369 /* Base */,
			);
			name = Main.storyboard;
			sourceTree = "<group>";
		};
		BD30CD321F06472100D57369 /* LaunchScreen.storyboard */ = {
			isa = PBXVariantGroup;
			children = (
				BD30CD331F06472100D57369 /* Base */,
			);
			name = LaunchScreen.storyboard;
			sourceTree = "<group>";
		};
/* End PBXVariantGroup section */

/* Begin XCBuildConfiguration section */
		BD30CD361F06472100D57369 /* Debug */ = {
			isa = XCBuildConfiguration;
			buildSettings = {
				ALWAYS_SEARCH_USER_PATHS = NO;
				CLANG_ANALYZER_NONNULL = YES;
				CLANG_ANALYZER_NUMBER_OBJECT_CONVERSION = YES_AGGRESSIVE;
				CLANG_CXX_LANGUAGE_STANDARD = "gnu++0x";
				CLANG_CXX_LIBRARY = "libc++";
				CLANG_ENABLE_MODULES = YES;
				CLANG_ENABLE_OBJC_ARC = YES;
				CLANG_WARN_BOOL_CONVERSION = YES;
				CLANG_WARN_CONSTANT_CONVERSION = YES;
				CLANG_WARN_DIRECT_OBJC_ISA_USAGE = YES_ERROR;
				CLANG_WARN_DOCUMENTATION_COMMENTS = YES;
				CLANG_WARN_EMPTY_BODY = YES;
				CLANG_WARN_ENUM_CONVERSION = YES;
				CLANG_WARN_INFINITE_RECURSION = YES;
				CLANG_WARN_INT_CONVERSION = YES;
				CLANG_WARN_OBJC_ROOT_CLASS = YES_ERROR;
				CLANG_WARN_SUSPICIOUS_MOVE = YES;
				CLANG_WARN_UNREACHABLE_CODE = YES;
				CLANG_WARN__DUPLICATE_METHOD_MATCH = YES;
				"CODE_SIGN_IDENTITY[sdk=iphoneos*]" = "iPhone Developer";
				COPY_PHASE_STRIP = NO;
				DEBUG_INFORMATION_FORMAT = dwarf;
				ENABLE_STRICT_OBJC_MSGSEND = YES;
				ENABLE_TESTABILITY = YES;
				GCC_C_LANGUAGE_STANDARD = gnu99;
				GCC_DYNAMIC_NO_PIC = NO;
				GCC_NO_COMMON_BLOCKS = YES;
				GCC_OPTIMIZATION_LEVEL = 0;
				GCC_PREPROCESSOR_DEFINITIONS = (
					"DEBUG=1",
					"$(inherited)",
				);
				GCC_WARN_64_TO_32_BIT_CONVERSION = YES;
				GCC_WARN_ABOUT_RETURN_TYPE = YES_ERROR;
				GCC_WARN_UNDECLARED_SELECTOR = YES;
				GCC_WARN_UNINITIALIZED_AUTOS = YES_AGGRESSIVE;
				GCC_WARN_UNUSED_FUNCTION = YES;
				GCC_WARN_UNUSED_VARIABLE = YES;
				IPHONEOS_DEPLOYMENT_TARGET = 10.3;
				MTL_ENABLE_DEBUG_INFO = YES;
				ONLY_ACTIVE_ARCH = YES;
				SDKROOT = iphoneos;
				TARGETED_DEVICE_FAMILY = "1,2";
			};
			name = Debug;
		};
		BD30CD371F06472100D57369 /* Release */ = {
			isa = XCBuildConfiguration;
			buildSettings = {
				ALWAYS_SEARCH_USER_PATHS = NO;
				CLANG_ANALYZER_NONNULL = YES;
				CLANG_ANALYZER_NUMBER_OBJECT_CONVERSION = YES_AGGRESSIVE;
				CLANG_CXX_LANGUAGE_STANDARD = "gnu++0x";
				CLANG_CXX_LIBRARY = "libc++";
				CLANG_ENABLE_MODULES = YES;
				CLANG_ENABLE_OBJC_ARC = YES;
				CLANG_WARN_BOOL_CONVERSION = YES;
				CLANG_WARN_CONSTANT_CONVERSION = YES;
				CLANG_WARN_DIRECT_OBJC_ISA_USAGE = YES_ERROR;
				CLANG_WARN_DOCUMENTATION_COMMENTS = YES;
				CLANG_WARN_EMPTY_BODY = YES;
				CLANG_WARN_ENUM_CONVERSION = YES;
				CLANG_WARN_INFINITE_RECURSION = YES;
				CLANG_WARN_INT_CONVERSION = YES;
				CLANG_WARN_OBJC_ROOT_CLASS = YES_ERROR;
				CLANG_WARN_SUSPICIOUS_MOVE = YES;
				CLANG_WARN_UNREACHABLE_CODE = YES;
				CLANG_WARN__DUPLICATE_METHOD_MATCH = YES;
				"CODE_SIGN_IDENTITY[sdk=iphoneos*]" = "iPhone Developer";
				COPY_PHASE_STRIP = NO;
				DEBUG_INFORMATION_FORMAT = "dwarf-with-dsym";
				ENABLE_NS_ASSERTIONS = NO;
				ENABLE_STRICT_OBJC_MSGSEND = YES;
				GCC_C_LANGUAGE_STANDARD = gnu99;
				GCC_NO_COMMON_BLOCKS = YES;
				GCC_WARN_64_TO_32_BIT_CONVERSION = YES;
				GCC_WARN_ABOUT_RETURN_TYPE = YES_ERROR;
				GCC_WARN_UNDECLARED_SELECTOR = YES;
				GCC_WARN_UNINITIALIZED_AUTOS = YES_AGGRESSIVE;
				GCC_WARN_UNUSED_FUNCTION = YES;
				GCC_WARN_UNUSED_VARIABLE = YES;
				IPHONEOS_DEPLOYMENT_TARGET = 10.3;
				MTL_ENABLE_DEBUG_INFO = NO;
				SDKROOT = iphoneos;
				TARGETED_DEVICE_FAMILY = "1,2";
				VALIDATE_PRODUCT = YES;
			};
			name = Release;
		};
		BD30CD391F06472100D57369 /* Debug */ = {
			isa = XCBuildConfiguration;
			buildSettings = {
				ASSETCATALOG_COMPILER_APPICON_NAME = AppIcon;
				DEVELOPMENT_TEAM = 4R8RC4GXLP;
				INFOPLIST_FILE = ZBJExcelViewDemo/Info.plist;
				LD_RUNPATH_SEARCH_PATHS = "$(inherited) @executable_path/Frameworks";
				PRODUCT_BUNDLE_IDENTIFIER = com.wesai.ZBJExcelViewDemo;
				PRODUCT_NAME = "$(TARGET_NAME)";
			};
			name = Debug;
		};
		BD30CD3A1F06472100D57369 /* Release */ = {
			isa = XCBuildConfiguration;
			buildSettings = {
				ASSETCATALOG_COMPILER_APPICON_NAME = AppIcon;
				DEVELOPMENT_TEAM = 4R8RC4GXLP;
				INFOPLIST_FILE = ZBJExcelViewDemo/Info.plist;
				LD_RUNPATH_SEARCH_PATHS = "$(inherited) @executable_path/Frameworks";
				PRODUCT_BUNDLE_IDENTIFIER = com.wesai.ZBJExcelViewDemo;
				PRODUCT_NAME = "$(TARGET_NAME)";
			};
			name = Release;
		};
/* End XCBuildConfiguration section */

/* Begin XCConfigurationList section */
		BD30CD1C1F06472100D57369 /* Build configuration list for PBXProject "ZBJExcelViewDemo" */ = {
			isa = XCConfigurationList;
			buildConfigurations = (
				BD30CD361F06472100D57369 /* Debug */,
				BD30CD371F06472100D57369 /* Release */,
			);
			defaultConfigurationIsVisible = 0;
			defaultConfigurationName = Release;
		};
		BD30CD381F06472100D57369 /* Build configuration list for PBXNativeTarget "ZBJExcelViewDemo" */ = {
			isa = XCConfigurationList;
			buildConfigurations = (
				BD30CD391F06472100D57369 /* Debug */,
				BD30CD3A1F06472100D57369 /* Release */,
			);
			defaultConfigurationIsVisible = 0;
			defaultConfigurationName = Release;
		};
/* End XCConfigurationList section */
	};
	rootObject = BD30CD191F06472100D57369 /* Project object */;
}
